
Microsoft Visual Studio Solution File, Format Version 12.00
# Visual Studio 15
VisualStudioVersion = 15.0.28307.1259
MinimumVisualStudioVersion = 10.0.40219.1
Project("{8BC9CEB8-8B4A-11D0-8D11-00A0C91BC942}") = "text7_1", "text7_1\text7_1.vcxproj", "{8F598878-91AB-4E18-A461-DBB5437BC2A3}"
EndProject
Global
	GlobalSection(SolutionConfigurationPlatforms) = preSolution
		Debug|x64 = Debug|x64
		Debug|x86 = Debug|x86
		Release|x64 = Release|x64
		Release|x86 = Release|x86
	EndGlobalSection
	GlobalSection(ProjectConfigurationPlatforms) = postSolution
		{8F598878-91AB-4E18-A461-DBB5437BC2A3}.Debug|x64.ActiveCfg = Debug|x64
		{8F598878-91AB-4E18-A461-DBB5437BC2A3}.Debug|x64.Build.0 = Debug|x64
		{8F598878-91AB-4E18-A461-DBB5437BC2A3}.Debug|x86.ActiveCfg = Debug|Win32
		{8F598878-91AB-4E18-A461-DBB5437BC2A3}.Debug|x86.Build.0 = Debug|Win32
		{8F598878-91AB-4E18-A461-DBB5437BC2A3}.Release|x64.ActiveCfg = Release|x64
		{8F598878-91AB-4E18-A461-DBB5437BC2A3}.Release|x64.Build.0 = Release|x64
		{8F598878-91AB-4E18-A461-DBB5437BC2A3}.Release|x86.ActiveCfg = Release|Win32
		{8F598878-91AB-4E18-A461-DBB5437BC2A3}.Release|x86.Build.0 = Release|Win32
	EndGlobalSection
	GlobalSection(SolutionProperties) = preSolution
		HideSolutionNode = FALSE
	EndGlobalSection
	GlobalSection(ExtensibilityGlobals) = postSolution
		SolutionGuid = {95D8F718-8D15-426F-87E9-EC897563C5DA}
	EndGlobalSection
EndGlobal
