
Microsoft Visual Studio Solution File, Format Version 12.00
# Visual Studio 15
VisualStudioVersion = 15.0.28307.1259
MinimumVisualStudioVersion = 10.0.40219.1
Project("{8BC9CEB8-8B4A-11D0-8D11-00A0C91BC942}") = "text5_22", "text5_22\text5_22.vcxproj", "{31CFFBC4-C24D-46B6-9115-DE16EBDA562D}"
EndProject
Global
	GlobalSection(SolutionConfigurationPlatforms) = preSolution
		Debug|x64 = Debug|x64
		Debug|x86 = Debug|x86
		Release|x64 = Release|x64
		Release|x86 = Release|x86
	EndGlobalSection
	GlobalSection(ProjectConfigurationPlatforms) = postSolution
		{31CFFBC4-C24D-46B6-9115-DE16EBDA562D}.Debug|x64.ActiveCfg = Debug|x64
		{31CFFBC4-C24D-46B6-9115-DE16EBDA562D}.Debug|x64.Build.0 = Debug|x64
		{31CFFBC4-C24D-46B6-9115-DE16EBDA562D}.Debug|x86.ActiveCfg = Debug|Win32
		{31CFFBC4-C24D-46B6-9115-DE16EBDA562D}.Debug|x86.Build.0 = Debug|Win32
		{31CFFBC4-C24D-46B6-9115-DE16EBDA562D}.Release|x64.ActiveCfg = Release|x64
		{31CFFBC4-C24D-46B6-9115-DE16EBDA562D}.Release|x64.Build.0 = Release|x64
		{31CFFBC4-C24D-46B6-9115-DE16EBDA562D}.Release|x86.ActiveCfg = Release|Win32
		{31CFFBC4-C24D-46B6-9115-DE16EBDA562D}.Release|x86.Build.0 = Release|Win32
	EndGlobalSection
	GlobalSection(SolutionProperties) = preSolution
		HideSolutionNode = FALSE
	EndGlobalSection
	GlobalSection(ExtensibilityGlobals) = postSolution
		SolutionGuid = {4C10B93F-5F48-4F46-874D-0F221D6479EA}
	EndGlobalSection
EndGlobal
