
Microsoft Visual Studio Solution File, Format Version 12.00
# Visual Studio 15
VisualStudioVersion = 15.0.28307.1259
MinimumVisualStudioVersion = 10.0.40219.1
Project("{8BC9CEB8-8B4A-11D0-8D11-00A0C91BC942}") = "text7_15", "text7_15\text7_15.vcxproj", "{1E314EDC-187D-4071-9C9A-D15F2A69042B}"
EndProject
Global
	GlobalSection(SolutionConfigurationPlatforms) = preSolution
		Debug|x64 = Debug|x64
		Debug|x86 = Debug|x86
		Release|x64 = Release|x64
		Release|x86 = Release|x86
	EndGlobalSection
	GlobalSection(ProjectConfigurationPlatforms) = postSolution
		{1E314EDC-187D-4071-9C9A-D15F2A69042B}.Debug|x64.ActiveCfg = Debug|x64
		{1E314EDC-187D-4071-9C9A-D15F2A69042B}.Debug|x64.Build.0 = Debug|x64
		{1E314EDC-187D-4071-9C9A-D15F2A69042B}.Debug|x86.ActiveCfg = Debug|Win32
		{1E314EDC-187D-4071-9C9A-D15F2A69042B}.Debug|x86.Build.0 = Debug|Win32
		{1E314EDC-187D-4071-9C9A-D15F2A69042B}.Release|x64.ActiveCfg = Release|x64
		{1E314EDC-187D-4071-9C9A-D15F2A69042B}.Release|x64.Build.0 = Release|x64
		{1E314EDC-187D-4071-9C9A-D15F2A69042B}.Release|x86.ActiveCfg = Release|Win32
		{1E314EDC-187D-4071-9C9A-D15F2A69042B}.Release|x86.Build.0 = Release|Win32
	EndGlobalSection
	GlobalSection(SolutionProperties) = preSolution
		HideSolutionNode = FALSE
	EndGlobalSection
	GlobalSection(ExtensibilityGlobals) = postSolution
		SolutionGuid = {416092F7-B49F-4D0F-AF1F-69CE98337031}
	EndGlobalSection
EndGlobal
