
Microsoft Visual Studio Solution File, Format Version 12.00
# Visual Studio 15
VisualStudioVersion = 15.0.28307.1259
MinimumVisualStudioVersion = 10.0.40219.1
Project("{8BC9CEB8-8B4A-11D0-8D11-00A0C91BC942}") = "text4_9", "text4_9\text4_9.vcxproj", "{61D1C52D-ABC7-41D3-9987-C88D51432B44}"
EndProject
Global
	GlobalSection(SolutionConfigurationPlatforms) = preSolution
		Debug|x64 = Debug|x64
		Debug|x86 = Debug|x86
		Release|x64 = Release|x64
		Release|x86 = Release|x86
	EndGlobalSection
	GlobalSection(ProjectConfigurationPlatforms) = postSolution
		{61D1C52D-ABC7-41D3-9987-C88D51432B44}.Debug|x64.ActiveCfg = Debug|x64
		{61D1C52D-ABC7-41D3-9987-C88D51432B44}.Debug|x64.Build.0 = Debug|x64
		{61D1C52D-ABC7-41D3-9987-C88D51432B44}.Debug|x86.ActiveCfg = Debug|Win32
		{61D1C52D-ABC7-41D3-9987-C88D51432B44}.Debug|x86.Build.0 = Debug|Win32
		{61D1C52D-ABC7-41D3-9987-C88D51432B44}.Release|x64.ActiveCfg = Release|x64
		{61D1C52D-ABC7-41D3-9987-C88D51432B44}.Release|x64.Build.0 = Release|x64
		{61D1C52D-ABC7-41D3-9987-C88D51432B44}.Release|x86.ActiveCfg = Release|Win32
		{61D1C52D-ABC7-41D3-9987-C88D51432B44}.Release|x86.Build.0 = Release|Win32
	EndGlobalSection
	GlobalSection(SolutionProperties) = preSolution
		HideSolutionNode = FALSE
	EndGlobalSection
	GlobalSection(ExtensibilityGlobals) = postSolution
		SolutionGuid = {1F796D7D-3DF4-4000-85C2-BD2293C36E74}
	EndGlobalSection
EndGlobal
