
Microsoft Visual Studio Solution File, Format Version 12.00
# Visual Studio 15
VisualStudioVersion = 15.0.28307.1259
MinimumVisualStudioVersion = 10.0.40219.1
Project("{8BC9CEB8-8B4A-11D0-8D11-00A0C91BC942}") = "text_8_14", "text_8_14\text_8_14.vcxproj", "{4C62408C-5370-446C-A16C-19E49AA58C12}"
EndProject
Global
	GlobalSection(SolutionConfigurationPlatforms) = preSolution
		Debug|x64 = Debug|x64
		Debug|x86 = Debug|x86
		Release|x64 = Release|x64
		Release|x86 = Release|x86
	EndGlobalSection
	GlobalSection(ProjectConfigurationPlatforms) = postSolution
		{4C62408C-5370-446C-A16C-19E49AA58C12}.Debug|x64.ActiveCfg = Debug|x64
		{4C62408C-5370-446C-A16C-19E49AA58C12}.Debug|x64.Build.0 = Debug|x64
		{4C62408C-5370-446C-A16C-19E49AA58C12}.Debug|x86.ActiveCfg = Debug|Win32
		{4C62408C-5370-446C-A16C-19E49AA58C12}.Debug|x86.Build.0 = Debug|Win32
		{4C62408C-5370-446C-A16C-19E49AA58C12}.Release|x64.ActiveCfg = Release|x64
		{4C62408C-5370-446C-A16C-19E49AA58C12}.Release|x64.Build.0 = Release|x64
		{4C62408C-5370-446C-A16C-19E49AA58C12}.Release|x86.ActiveCfg = Release|Win32
		{4C62408C-5370-446C-A16C-19E49AA58C12}.Release|x86.Build.0 = Release|Win32
	EndGlobalSection
	GlobalSection(SolutionProperties) = preSolution
		HideSolutionNode = FALSE
	EndGlobalSection
	GlobalSection(ExtensibilityGlobals) = postSolution
		SolutionGuid = {C4470FA7-9FE7-4AD9-9988-6F2EDCAE4537}
	EndGlobalSection
EndGlobal
