
Microsoft Visual Studio Solution File, Format Version 12.00
# Visual Studio 15
VisualStudioVersion = 15.0.28307.1259
MinimumVisualStudioVersion = 10.0.40219.1
Project("{8BC9CEB8-8B4A-11D0-8D11-00A0C91BC942}") = "text5_12", "text5_12\text5_12.vcxproj", "{0844F41B-6F19-4210-A7F2-D683C3BC1384}"
EndProject
Global
	GlobalSection(SolutionConfigurationPlatforms) = preSolution
		Debug|x64 = Debug|x64
		Debug|x86 = Debug|x86
		Release|x64 = Release|x64
		Release|x86 = Release|x86
	EndGlobalSection
	GlobalSection(ProjectConfigurationPlatforms) = postSolution
		{0844F41B-6F19-4210-A7F2-D683C3BC1384}.Debug|x64.ActiveCfg = Debug|x64
		{0844F41B-6F19-4210-A7F2-D683C3BC1384}.Debug|x64.Build.0 = Debug|x64
		{0844F41B-6F19-4210-A7F2-D683C3BC1384}.Debug|x86.ActiveCfg = Debug|Win32
		{0844F41B-6F19-4210-A7F2-D683C3BC1384}.Debug|x86.Build.0 = Debug|Win32
		{0844F41B-6F19-4210-A7F2-D683C3BC1384}.Release|x64.ActiveCfg = Release|x64
		{0844F41B-6F19-4210-A7F2-D683C3BC1384}.Release|x64.Build.0 = Release|x64
		{0844F41B-6F19-4210-A7F2-D683C3BC1384}.Release|x86.ActiveCfg = Release|Win32
		{0844F41B-6F19-4210-A7F2-D683C3BC1384}.Release|x86.Build.0 = Release|Win32
	EndGlobalSection
	GlobalSection(SolutionProperties) = preSolution
		HideSolutionNode = FALSE
	EndGlobalSection
	GlobalSection(ExtensibilityGlobals) = postSolution
		SolutionGuid = {2C6F9E30-BBEF-4AD5-BD05-17E1008481A5}
	EndGlobalSection
EndGlobal
