
Microsoft Visual Studio Solution File, Format Version 12.00
# Visual Studio 15
VisualStudioVersion = 15.0.28307.1259
MinimumVisualStudioVersion = 10.0.40219.1
Project("{8BC9CEB8-8B4A-11D0-8D11-00A0C91BC942}") = "text1_16", "text1_16\text1_16.vcxproj", "{9B1EB220-8F03-4C28-89A9-B55D6B6E81BE}"
EndProject
Global
	GlobalSection(SolutionConfigurationPlatforms) = preSolution
		Debug|x64 = Debug|x64
		Debug|x86 = Debug|x86
		Release|x64 = Release|x64
		Release|x86 = Release|x86
	EndGlobalSection
	GlobalSection(ProjectConfigurationPlatforms) = postSolution
		{9B1EB220-8F03-4C28-89A9-B55D6B6E81BE}.Debug|x64.ActiveCfg = Debug|x64
		{9B1EB220-8F03-4C28-89A9-B55D6B6E81BE}.Debug|x64.Build.0 = Debug|x64
		{9B1EB220-8F03-4C28-89A9-B55D6B6E81BE}.Debug|x86.ActiveCfg = Debug|Win32
		{9B1EB220-8F03-4C28-89A9-B55D6B6E81BE}.Debug|x86.Build.0 = Debug|Win32
		{9B1EB220-8F03-4C28-89A9-B55D6B6E81BE}.Release|x64.ActiveCfg = Release|x64
		{9B1EB220-8F03-4C28-89A9-B55D6B6E81BE}.Release|x64.Build.0 = Release|x64
		{9B1EB220-8F03-4C28-89A9-B55D6B6E81BE}.Release|x86.ActiveCfg = Release|Win32
		{9B1EB220-8F03-4C28-89A9-B55D6B6E81BE}.Release|x86.Build.0 = Release|Win32
	EndGlobalSection
	GlobalSection(SolutionProperties) = preSolution
		HideSolutionNode = FALSE
	EndGlobalSection
	GlobalSection(ExtensibilityGlobals) = postSolution
		SolutionGuid = {7DBC3B58-8A35-4CD5-A74C-10750BFCE80B}
	EndGlobalSection
EndGlobal
