
Microsoft Visual Studio Solution File, Format Version 12.00
# Visual Studio 15
VisualStudioVersion = 15.0.28307.1259
MinimumVisualStudioVersion = 10.0.40219.1
Project("{8BC9CEB8-8B4A-11D0-8D11-00A0C91BC942}") = "text_10_3", "text_10_3\text_10_3.vcxproj", "{02DA4785-4A89-4D06-ACC5-1AFA4D486D0B}"
EndProject
Global
	GlobalSection(SolutionConfigurationPlatforms) = preSolution
		Debug|x64 = Debug|x64
		Debug|x86 = Debug|x86
		Release|x64 = Release|x64
		Release|x86 = Release|x86
	EndGlobalSection
	GlobalSection(ProjectConfigurationPlatforms) = postSolution
		{02DA4785-4A89-4D06-ACC5-1AFA4D486D0B}.Debug|x64.ActiveCfg = Debug|x64
		{02DA4785-4A89-4D06-ACC5-1AFA4D486D0B}.Debug|x64.Build.0 = Debug|x64
		{02DA4785-4A89-4D06-ACC5-1AFA4D486D0B}.Debug|x86.ActiveCfg = Debug|Win32
		{02DA4785-4A89-4D06-ACC5-1AFA4D486D0B}.Debug|x86.Build.0 = Debug|Win32
		{02DA4785-4A89-4D06-ACC5-1AFA4D486D0B}.Release|x64.ActiveCfg = Release|x64
		{02DA4785-4A89-4D06-ACC5-1AFA4D486D0B}.Release|x64.Build.0 = Release|x64
		{02DA4785-4A89-4D06-ACC5-1AFA4D486D0B}.Release|x86.ActiveCfg = Release|Win32
		{02DA4785-4A89-4D06-ACC5-1AFA4D486D0B}.Release|x86.Build.0 = Release|Win32
	EndGlobalSection
	GlobalSection(SolutionProperties) = preSolution
		HideSolutionNode = FALSE
	EndGlobalSection
	GlobalSection(ExtensibilityGlobals) = postSolution
		SolutionGuid = {406EA289-9265-4650-AE4A-285BD18C37D7}
	EndGlobalSection
EndGlobal
