
Microsoft Visual Studio Solution File, Format Version 12.00
# Visual Studio 15
VisualStudioVersion = 15.0.28307.1259
MinimumVisualStudioVersion = 10.0.40219.1
Project("{8BC9CEB8-8B4A-11D0-8D11-00A0C91BC942}") = "text1_23", "text1_23\text1_23.vcxproj", "{BEDFC3D0-1E55-4D67-9615-8D0E67F3A187}"
EndProject
Global
	GlobalSection(SolutionConfigurationPlatforms) = preSolution
		Debug|x64 = Debug|x64
		Debug|x86 = Debug|x86
		Release|x64 = Release|x64
		Release|x86 = Release|x86
	EndGlobalSection
	GlobalSection(ProjectConfigurationPlatforms) = postSolution
		{BEDFC3D0-1E55-4D67-9615-8D0E67F3A187}.Debug|x64.ActiveCfg = Debug|x64
		{BEDFC3D0-1E55-4D67-9615-8D0E67F3A187}.Debug|x64.Build.0 = Debug|x64
		{BEDFC3D0-1E55-4D67-9615-8D0E67F3A187}.Debug|x86.ActiveCfg = Debug|Win32
		{BEDFC3D0-1E55-4D67-9615-8D0E67F3A187}.Debug|x86.Build.0 = Debug|Win32
		{BEDFC3D0-1E55-4D67-9615-8D0E67F3A187}.Release|x64.ActiveCfg = Release|x64
		{BEDFC3D0-1E55-4D67-9615-8D0E67F3A187}.Release|x64.Build.0 = Release|x64
		{BEDFC3D0-1E55-4D67-9615-8D0E67F3A187}.Release|x86.ActiveCfg = Release|Win32
		{BEDFC3D0-1E55-4D67-9615-8D0E67F3A187}.Release|x86.Build.0 = Release|Win32
	EndGlobalSection
	GlobalSection(SolutionProperties) = preSolution
		HideSolutionNode = FALSE
	EndGlobalSection
	GlobalSection(ExtensibilityGlobals) = postSolution
		SolutionGuid = {658B2DA3-14FF-41AA-BFF0-6C0D500D0305}
	EndGlobalSection
EndGlobal
