
Microsoft Visual Studio Solution File, Format Version 12.00
# Visual Studio 15
VisualStudioVersion = 15.0.28307.1259
MinimumVisualStudioVersion = 10.0.40219.1
Project("{8BC9CEB8-8B4A-11D0-8D11-00A0C91BC942}") = "text_10_13", "text_10_13\text_10_13.vcxproj", "{11C8C877-0EEF-47F2-BEBA-1BEBED527A42}"
EndProject
Global
	GlobalSection(SolutionConfigurationPlatforms) = preSolution
		Debug|x64 = Debug|x64
		Debug|x86 = Debug|x86
		Release|x64 = Release|x64
		Release|x86 = Release|x86
	EndGlobalSection
	GlobalSection(ProjectConfigurationPlatforms) = postSolution
		{11C8C877-0EEF-47F2-BEBA-1BEBED527A42}.Debug|x64.ActiveCfg = Debug|x64
		{11C8C877-0EEF-47F2-BEBA-1BEBED527A42}.Debug|x64.Build.0 = Debug|x64
		{11C8C877-0EEF-47F2-BEBA-1BEBED527A42}.Debug|x86.ActiveCfg = Debug|Win32
		{11C8C877-0EEF-47F2-BEBA-1BEBED527A42}.Debug|x86.Build.0 = Debug|Win32
		{11C8C877-0EEF-47F2-BEBA-1BEBED527A42}.Release|x64.ActiveCfg = Release|x64
		{11C8C877-0EEF-47F2-BEBA-1BEBED527A42}.Release|x64.Build.0 = Release|x64
		{11C8C877-0EEF-47F2-BEBA-1BEBED527A42}.Release|x86.ActiveCfg = Release|Win32
		{11C8C877-0EEF-47F2-BEBA-1BEBED527A42}.Release|x86.Build.0 = Release|Win32
	EndGlobalSection
	GlobalSection(SolutionProperties) = preSolution
		HideSolutionNode = FALSE
	EndGlobalSection
	GlobalSection(ExtensibilityGlobals) = postSolution
		SolutionGuid = {B279E418-941B-4BA9-9478-91010C196FE4}
	EndGlobalSection
EndGlobal
