
Microsoft Visual Studio Solution File, Format Version 12.00
# Visual Studio 15
VisualStudioVersion = 15.0.28307.1259
MinimumVisualStudioVersion = 10.0.40219.1
Project("{8BC9CEB8-8B4A-11D0-8D11-00A0C91BC942}") = "List_C", "List_C\List_C.vcxproj", "{4BEA23E1-28F6-4ED6-A60A-628C89DB914F}"
EndProject
Global
	GlobalSection(SolutionConfigurationPlatforms) = preSolution
		Debug|x64 = Debug|x64
		Debug|x86 = Debug|x86
		Release|x64 = Release|x64
		Release|x86 = Release|x86
	EndGlobalSection
	GlobalSection(ProjectConfigurationPlatforms) = postSolution
		{4BEA23E1-28F6-4ED6-A60A-628C89DB914F}.Debug|x64.ActiveCfg = Debug|x64
		{4BEA23E1-28F6-4ED6-A60A-628C89DB914F}.Debug|x64.Build.0 = Debug|x64
		{4BEA23E1-28F6-4ED6-A60A-628C89DB914F}.Debug|x86.ActiveCfg = Debug|Win32
		{4BEA23E1-28F6-4ED6-A60A-628C89DB914F}.Debug|x86.Build.0 = Debug|Win32
		{4BEA23E1-28F6-4ED6-A60A-628C89DB914F}.Release|x64.ActiveCfg = Release|x64
		{4BEA23E1-28F6-4ED6-A60A-628C89DB914F}.Release|x64.Build.0 = Release|x64
		{4BEA23E1-28F6-4ED6-A60A-628C89DB914F}.Release|x86.ActiveCfg = Release|Win32
		{4BEA23E1-28F6-4ED6-A60A-628C89DB914F}.Release|x86.Build.0 = Release|Win32
	EndGlobalSection
	GlobalSection(SolutionProperties) = preSolution
		HideSolutionNode = FALSE
	EndGlobalSection
	GlobalSection(ExtensibilityGlobals) = postSolution
		SolutionGuid = {0B375838-ACA5-40ED-ABE7-34136BE6FF03}
	EndGlobalSection
EndGlobal
