
Microsoft Visual Studio Solution File, Format Version 12.00
# Visual Studio 15
VisualStudioVersion = 15.0.28307.1259
MinimumVisualStudioVersion = 10.0.40219.1
Project("{8BC9CEB8-8B4A-11D0-8D11-00A0C91BC942}") = "text2_4", "text2_4\text2_4.vcxproj", "{4FEDA920-94B2-494F-B52C-885ACEEB12EA}"
EndProject
Global
	GlobalSection(SolutionConfigurationPlatforms) = preSolution
		Debug|x64 = Debug|x64
		Debug|x86 = Debug|x86
		Release|x64 = Release|x64
		Release|x86 = Release|x86
	EndGlobalSection
	GlobalSection(ProjectConfigurationPlatforms) = postSolution
		{4FEDA920-94B2-494F-B52C-885ACEEB12EA}.Debug|x64.ActiveCfg = Debug|x64
		{4FEDA920-94B2-494F-B52C-885ACEEB12EA}.Debug|x64.Build.0 = Debug|x64
		{4FEDA920-94B2-494F-B52C-885ACEEB12EA}.Debug|x86.ActiveCfg = Debug|Win32
		{4FEDA920-94B2-494F-B52C-885ACEEB12EA}.Debug|x86.Build.0 = Debug|Win32
		{4FEDA920-94B2-494F-B52C-885ACEEB12EA}.Release|x64.ActiveCfg = Release|x64
		{4FEDA920-94B2-494F-B52C-885ACEEB12EA}.Release|x64.Build.0 = Release|x64
		{4FEDA920-94B2-494F-B52C-885ACEEB12EA}.Release|x86.ActiveCfg = Release|Win32
		{4FEDA920-94B2-494F-B52C-885ACEEB12EA}.Release|x86.Build.0 = Release|Win32
	EndGlobalSection
	GlobalSection(SolutionProperties) = preSolution
		HideSolutionNode = FALSE
	EndGlobalSection
	GlobalSection(ExtensibilityGlobals) = postSolution
		SolutionGuid = {2D69E4E6-EE86-49EA-9080-637DB6F194B5}
	EndGlobalSection
EndGlobal
