
Microsoft Visual Studio Solution File, Format Version 12.00
# Visual Studio 15
VisualStudioVersion = 15.0.28307.1259
MinimumVisualStudioVersion = 10.0.40219.1
Project("{8BC9CEB8-8B4A-11D0-8D11-00A0C91BC942}") = "text6_18", "text6_18\text6_18.vcxproj", "{491CCF88-5A13-437A-A4C7-8F3AEA8FD538}"
EndProject
Global
	GlobalSection(SolutionConfigurationPlatforms) = preSolution
		Debug|x64 = Debug|x64
		Debug|x86 = Debug|x86
		Release|x64 = Release|x64
		Release|x86 = Release|x86
	EndGlobalSection
	GlobalSection(ProjectConfigurationPlatforms) = postSolution
		{491CCF88-5A13-437A-A4C7-8F3AEA8FD538}.Debug|x64.ActiveCfg = Debug|x64
		{491CCF88-5A13-437A-A4C7-8F3AEA8FD538}.Debug|x64.Build.0 = Debug|x64
		{491CCF88-5A13-437A-A4C7-8F3AEA8FD538}.Debug|x86.ActiveCfg = Debug|Win32
		{491CCF88-5A13-437A-A4C7-8F3AEA8FD538}.Debug|x86.Build.0 = Debug|Win32
		{491CCF88-5A13-437A-A4C7-8F3AEA8FD538}.Release|x64.ActiveCfg = Release|x64
		{491CCF88-5A13-437A-A4C7-8F3AEA8FD538}.Release|x64.Build.0 = Release|x64
		{491CCF88-5A13-437A-A4C7-8F3AEA8FD538}.Release|x86.ActiveCfg = Release|Win32
		{491CCF88-5A13-437A-A4C7-8F3AEA8FD538}.Release|x86.Build.0 = Release|Win32
	EndGlobalSection
	GlobalSection(SolutionProperties) = preSolution
		HideSolutionNode = FALSE
	EndGlobalSection
	GlobalSection(ExtensibilityGlobals) = postSolution
		SolutionGuid = {F2B5B8AA-299B-4382-9350-FBD38AFC0DB3}
	EndGlobalSection
EndGlobal
