
Microsoft Visual Studio Solution File, Format Version 12.00
# Visual Studio 15
VisualStudioVersion = 15.0.28307.1259
MinimumVisualStudioVersion = 10.0.40219.1
Project("{8BC9CEB8-8B4A-11D0-8D11-00A0C91BC942}") = "text6_4", "text6_4\text6_4.vcxproj", "{9B8B3932-B9B1-4784-AFF7-C5FEE2E09620}"
EndProject
Global
	GlobalSection(SolutionConfigurationPlatforms) = preSolution
		Debug|x64 = Debug|x64
		Debug|x86 = Debug|x86
		Release|x64 = Release|x64
		Release|x86 = Release|x86
	EndGlobalSection
	GlobalSection(ProjectConfigurationPlatforms) = postSolution
		{9B8B3932-B9B1-4784-AFF7-C5FEE2E09620}.Debug|x64.ActiveCfg = Debug|x64
		{9B8B3932-B9B1-4784-AFF7-C5FEE2E09620}.Debug|x64.Build.0 = Debug|x64
		{9B8B3932-B9B1-4784-AFF7-C5FEE2E09620}.Debug|x86.ActiveCfg = Debug|Win32
		{9B8B3932-B9B1-4784-AFF7-C5FEE2E09620}.Debug|x86.Build.0 = Debug|Win32
		{9B8B3932-B9B1-4784-AFF7-C5FEE2E09620}.Release|x64.ActiveCfg = Release|x64
		{9B8B3932-B9B1-4784-AFF7-C5FEE2E09620}.Release|x64.Build.0 = Release|x64
		{9B8B3932-B9B1-4784-AFF7-C5FEE2E09620}.Release|x86.ActiveCfg = Release|Win32
		{9B8B3932-B9B1-4784-AFF7-C5FEE2E09620}.Release|x86.Build.0 = Release|Win32
	EndGlobalSection
	GlobalSection(SolutionProperties) = preSolution
		HideSolutionNode = FALSE
	EndGlobalSection
	GlobalSection(ExtensibilityGlobals) = postSolution
		SolutionGuid = {75B26516-B034-46EF-9609-F9A4E5356BD2}
	EndGlobalSection
EndGlobal
