
Microsoft Visual Studio Solution File, Format Version 12.00
# Visual Studio 15
VisualStudioVersion = 15.0.28307.1259
MinimumVisualStudioVersion = 10.0.40219.1
Project("{8BC9CEB8-8B4A-11D0-8D11-00A0C91BC942}") = "text_12_17", "text_12_17\text_12_17.vcxproj", "{A8A08FA0-F6E1-49C9-AF59-B90DF182A299}"
EndProject
Global
	GlobalSection(SolutionConfigurationPlatforms) = preSolution
		Debug|x64 = Debug|x64
		Debug|x86 = Debug|x86
		Release|x64 = Release|x64
		Release|x86 = Release|x86
	EndGlobalSection
	GlobalSection(ProjectConfigurationPlatforms) = postSolution
		{A8A08FA0-F6E1-49C9-AF59-B90DF182A299}.Debug|x64.ActiveCfg = Debug|x64
		{A8A08FA0-F6E1-49C9-AF59-B90DF182A299}.Debug|x64.Build.0 = Debug|x64
		{A8A08FA0-F6E1-49C9-AF59-B90DF182A299}.Debug|x86.ActiveCfg = Debug|Win32
		{A8A08FA0-F6E1-49C9-AF59-B90DF182A299}.Debug|x86.Build.0 = Debug|Win32
		{A8A08FA0-F6E1-49C9-AF59-B90DF182A299}.Release|x64.ActiveCfg = Release|x64
		{A8A08FA0-F6E1-49C9-AF59-B90DF182A299}.Release|x64.Build.0 = Release|x64
		{A8A08FA0-F6E1-49C9-AF59-B90DF182A299}.Release|x86.ActiveCfg = Release|Win32
		{A8A08FA0-F6E1-49C9-AF59-B90DF182A299}.Release|x86.Build.0 = Release|Win32
	EndGlobalSection
	GlobalSection(SolutionProperties) = preSolution
		HideSolutionNode = FALSE
	EndGlobalSection
	GlobalSection(ExtensibilityGlobals) = postSolution
		SolutionGuid = {8F4624B3-BC99-44F2-88A2-2ADA9E981E92}
	EndGlobalSection
EndGlobal
