
Microsoft Visual Studio Solution File, Format Version 12.00
# Visual Studio 15
VisualStudioVersion = 15.0.28307.1259
MinimumVisualStudioVersion = 10.0.40219.1
Project("{8BC9CEB8-8B4A-11D0-8D11-00A0C91BC942}") = "text_8_29", "text_8_29\text_8_29.vcxproj", "{38DA4F3B-1EAA-4769-A03C-A8B626978158}"
EndProject
Global
	GlobalSection(SolutionConfigurationPlatforms) = preSolution
		Debug|x64 = Debug|x64
		Debug|x86 = Debug|x86
		Release|x64 = Release|x64
		Release|x86 = Release|x86
	EndGlobalSection
	GlobalSection(ProjectConfigurationPlatforms) = postSolution
		{38DA4F3B-1EAA-4769-A03C-A8B626978158}.Debug|x64.ActiveCfg = Debug|x64
		{38DA4F3B-1EAA-4769-A03C-A8B626978158}.Debug|x64.Build.0 = Debug|x64
		{38DA4F3B-1EAA-4769-A03C-A8B626978158}.Debug|x86.ActiveCfg = Debug|Win32
		{38DA4F3B-1EAA-4769-A03C-A8B626978158}.Debug|x86.Build.0 = Debug|Win32
		{38DA4F3B-1EAA-4769-A03C-A8B626978158}.Release|x64.ActiveCfg = Release|x64
		{38DA4F3B-1EAA-4769-A03C-A8B626978158}.Release|x64.Build.0 = Release|x64
		{38DA4F3B-1EAA-4769-A03C-A8B626978158}.Release|x86.ActiveCfg = Release|Win32
		{38DA4F3B-1EAA-4769-A03C-A8B626978158}.Release|x86.Build.0 = Release|Win32
	EndGlobalSection
	GlobalSection(SolutionProperties) = preSolution
		HideSolutionNode = FALSE
	EndGlobalSection
	GlobalSection(ExtensibilityGlobals) = postSolution
		SolutionGuid = {1EA061B3-52BF-4689-90CC-9149B71CED83}
	EndGlobalSection
EndGlobal
